
Microsoft Visual Studio Solution File, Format Version 11.00
# Visual Studio 2010
Project("{FAE04EC0-301F-11D3-BF4B-00C04F79EFBC}") = "xm_mis", "xm_mis\xm_mis.csproj", "{77AE1725-A8D0-404E-92FA-FD665A83A586}"
EndProject
Global
	GlobalSection(TeamFoundationVersionControl) = preSolution
		SccNumberOfProjects = 2
		SccEnterpriseProvider = {4CA58AB2-18FA-4F8D-95D4-32DDF27D184C}
		SccTeamFoundationServer = http://vamp-pc:8080/tfs/defaultcollection
		SccLocalPath0 = .
		SccProjectUniqueName1 = xm_mis\\xm_mis.csproj
		SccProjectName1 = xm_mis
		SccLocalPath1 = xm_mis
	EndGlobalSection
	GlobalSection(SolutionConfigurationPlatforms) = preSolution
		Debug|Any CPU = Debug|Any CPU
		Release|Any CPU = Release|Any CPU
	EndGlobalSection
	GlobalSection(ProjectConfigurationPlatforms) = postSolution
		{77AE1725-A8D0-404E-92FA-FD665A83A586}.Debug|Any CPU.ActiveCfg = Debug|Any CPU
		{77AE1725-A8D0-404E-92FA-FD665A83A586}.Debug|Any CPU.Build.0 = Debug|Any CPU
		{77AE1725-A8D0-404E-92FA-FD665A83A586}.Release|Any CPU.ActiveCfg = Release|Any CPU
		{77AE1725-A8D0-404E-92FA-FD665A83A586}.Release|Any CPU.Build.0 = Release|Any CPU
	EndGlobalSection
	GlobalSection(SolutionProperties) = preSolution
		HideSolutionNode = FALSE
	EndGlobalSection
EndGlobal
